
Microsoft Visual Studio Solution File, Format Version 12.00
# Visual Studio 15
VisualStudioVersion = 15.0.26730.16
MinimumVisualStudioVersion = 10.0.40219.1
Project("{FAE04EC0-301F-11D3-BF4B-00C04F79EFBC}") = "BitcoinCracker", "BitcoinCracker.csproj", "{4D0D243F-2785-4509-86D4-7310C3206639}"
EndProject
Global
	GlobalSection(SolutionConfigurationPlatforms) = preSolution
		Debug|Any CPU = Debug|Any CPU
		Release|Any CPU = Release|Any CPU
	EndGlobalSection
	GlobalSection(ProjectConfigurationPlatforms) = postSolution
		{4D0D243F-2785-4509-86D4-7310C3206639}.Debug|Any CPU.ActiveCfg = Debug|Any CPU
		{4D0D243F-2785-4509-86D4-7310C3206639}.Debug|Any CPU.Build.0 = Debug|Any CPU
		{4D0D243F-2785-4509-86D4-7310C3206639}.Release|Any CPU.ActiveCfg = Release|Any CPU
		{4D0D243F-2785-4509-86D4-7310C3206639}.Release|Any CPU.Build.0 = Release|Any CPU
	EndGlobalSection
	GlobalSection(SolutionProperties) = preSolution
		HideSolutionNode = FALSE
	EndGlobalSection
	GlobalSection(ExtensibilityGlobals) = postSolution
		SolutionGuid = {0F5C8C19-98E2-4170-A01D-648DB6A02C57}
	EndGlobalSection
EndGlobal
